
Microsoft Visual Studio Solution File, Format Version 12.00
# Visual Studio 14
VisualStudioVersion = 14.0.25420.1
MinimumVisualStudioVersion = 10.0.40219.1
Project("{FAE04EC0-301F-11D3-BF4B-00C04F79EFBC}") = "FSL.Mvc", "FSL.Mvc\FSL.Mvc.csproj", "{6939D2EF-2A66-41E0-92BA-F3682F9CBD4B}"
EndProject
Project("{FAE04EC0-301F-11D3-BF4B-00C04F79EFBC}") = "FSL.AngularJS", "FSL.AngularJS\FSL.AngularJS.csproj", "{05B0739E-0B34-4530-9627-E7FD922EB937}"
EndProject
Project("{FAE04EC0-301F-11D3-BF4B-00C04F79EFBC}") = "FSL.WebForms", "FSL.WebForms\FSL.WebForms.csproj", "{4EB3439C-8994-4C9E-81C2-352EE531B96D}"
EndProject
Project("{FAE04EC0-301F-11D3-BF4B-00C04F79EFBC}") = "FSL.WindowsForms", "FSL.WindowsForms\FSL.WindowsForms.csproj", "{D940559F-1538-404D-8FE0-42D00C3AE62A}"
EndProject
Project("{FAE04EC0-301F-11D3-BF4B-00C04F79EFBC}") = "FSL.Wpf", "FSL.Wpf\FSL.Wpf.csproj", "{FAD9C343-B5A4-44EA-AE9C-7B35AC4B1259}"
EndProject
Global
	GlobalSection(SolutionConfigurationPlatforms) = preSolution
		Ad-Hoc|Any CPU = Ad-Hoc|Any CPU
		Ad-Hoc|iPhone = Ad-Hoc|iPhone
		Ad-Hoc|iPhoneSimulator = Ad-Hoc|iPhoneSimulator
		AppStore|Any CPU = AppStore|Any CPU
		AppStore|iPhone = AppStore|iPhone
		AppStore|iPhoneSimulator = AppStore|iPhoneSimulator
		Debug|Any CPU = Debug|Any CPU
		Debug|iPhone = Debug|iPhone
		Debug|iPhoneSimulator = Debug|iPhoneSimulator
		Release|Any CPU = Release|Any CPU
		Release|iPhone = Release|iPhone
		Release|iPhoneSimulator = Release|iPhoneSimulator
	EndGlobalSection
	GlobalSection(ProjectConfigurationPlatforms) = postSolution
		{6939D2EF-2A66-41E0-92BA-F3682F9CBD4B}.Ad-Hoc|Any CPU.ActiveCfg = Release|Any CPU
		{6939D2EF-2A66-41E0-92BA-F3682F9CBD4B}.Ad-Hoc|Any CPU.Build.0 = Release|Any CPU
		{6939D2EF-2A66-41E0-92BA-F3682F9CBD4B}.Ad-Hoc|iPhone.ActiveCfg = Release|Any CPU
		{6939D2EF-2A66-41E0-92BA-F3682F9CBD4B}.Ad-Hoc|iPhone.Build.0 = Release|Any CPU
		{6939D2EF-2A66-41E0-92BA-F3682F9CBD4B}.Ad-Hoc|iPhoneSimulator.ActiveCfg = Release|Any CPU
		{6939D2EF-2A66-41E0-92BA-F3682F9CBD4B}.Ad-Hoc|iPhoneSimulator.Build.0 = Release|Any CPU
		{6939D2EF-2A66-41E0-92BA-F3682F9CBD4B}.AppStore|Any CPU.ActiveCfg = Release|Any CPU
		{6939D2EF-2A66-41E0-92BA-F3682F9CBD4B}.AppStore|Any CPU.Build.0 = Release|Any CPU
		{6939D2EF-2A66-41E0-92BA-F3682F9CBD4B}.AppStore|iPhone.ActiveCfg = Release|Any CPU
		{6939D2EF-2A66-41E0-92BA-F3682F9CBD4B}.AppStore|iPhone.Build.0 = Release|Any CPU
		{6939D2EF-2A66-41E0-92BA-F3682F9CBD4B}.AppStore|iPhoneSimulator.ActiveCfg = Release|Any CPU
		{6939D2EF-2A66-41E0-92BA-F3682F9CBD4B}.AppStore|iPhoneSimulator.Build.0 = Release|Any CPU
		{6939D2EF-2A66-41E0-92BA-F3682F9CBD4B}.Debug|Any CPU.ActiveCfg = Debug|Any CPU
		{6939D2EF-2A66-41E0-92BA-F3682F9CBD4B}.Debug|Any CPU.Build.0 = Debug|Any CPU
		{6939D2EF-2A66-41E0-92BA-F3682F9CBD4B}.Debug|iPhone.ActiveCfg = Debug|Any CPU
		{6939D2EF-2A66-41E0-92BA-F3682F9CBD4B}.Debug|iPhone.Build.0 = Debug|Any CPU
		{6939D2EF-2A66-41E0-92BA-F3682F9CBD4B}.Debug|iPhone.Deploy.0 = Debug|Any CPU
		{6939D2EF-2A66-41E0-92BA-F3682F9CBD4B}.Debug|iPhoneSimulator.ActiveCfg = Debug|Any CPU
		{6939D2EF-2A66-41E0-92BA-F3682F9CBD4B}.Debug|iPhoneSimulator.Build.0 = Debug|Any CPU
		{6939D2EF-2A66-41E0-92BA-F3682F9CBD4B}.Release|Any CPU.ActiveCfg = Release|Any CPU
		{6939D2EF-2A66-41E0-92BA-F3682F9CBD4B}.Release|Any CPU.Build.0 = Release|Any CPU
		{6939D2EF-2A66-41E0-92BA-F3682F9CBD4B}.Release|iPhone.ActiveCfg = Release|Any CPU
		{6939D2EF-2A66-41E0-92BA-F3682F9CBD4B}.Release|iPhone.Build.0 = Release|Any CPU
		{6939D2EF-2A66-41E0-92BA-F3682F9CBD4B}.Release|iPhoneSimulator.ActiveCfg = Release|Any CPU
		{6939D2EF-2A66-41E0-92BA-F3682F9CBD4B}.Release|iPhoneSimulator.Build.0 = Release|Any CPU
		{05B0739E-0B34-4530-9627-E7FD922EB937}.Ad-Hoc|Any CPU.ActiveCfg = Release|Any CPU
		{05B0739E-0B34-4530-9627-E7FD922EB937}.Ad-Hoc|Any CPU.Build.0 = Release|Any CPU
		{05B0739E-0B34-4530-9627-E7FD922EB937}.Ad-Hoc|iPhone.ActiveCfg = Release|Any CPU
		{05B0739E-0B34-4530-9627-E7FD922EB937}.Ad-Hoc|iPhone.Build.0 = Release|Any CPU
		{05B0739E-0B34-4530-9627-E7FD922EB937}.Ad-Hoc|iPhoneSimulator.ActiveCfg = Release|Any CPU
		{05B0739E-0B34-4530-9627-E7FD922EB937}.Ad-Hoc|iPhoneSimulator.Build.0 = Release|Any CPU
		{05B0739E-0B34-4530-9627-E7FD922EB937}.AppStore|Any CPU.ActiveCfg = Release|Any CPU
		{05B0739E-0B34-4530-9627-E7FD922EB937}.AppStore|Any CPU.Build.0 = Release|Any CPU
		{05B0739E-0B34-4530-9627-E7FD922EB937}.AppStore|iPhone.ActiveCfg = Release|Any CPU
		{05B0739E-0B34-4530-9627-E7FD922EB937}.AppStore|iPhone.Build.0 = Release|Any CPU
		{05B0739E-0B34-4530-9627-E7FD922EB937}.AppStore|iPhoneSimulator.ActiveCfg = Release|Any CPU
		{05B0739E-0B34-4530-9627-E7FD922EB937}.AppStore|iPhoneSimulator.Build.0 = Release|Any CPU
		{05B0739E-0B34-4530-9627-E7FD922EB937}.Debug|Any CPU.ActiveCfg = Debug|Any CPU
		{05B0739E-0B34-4530-9627-E7FD922EB937}.Debug|Any CPU.Build.0 = Debug|Any CPU
		{05B0739E-0B34-4530-9627-E7FD922EB937}.Debug|iPhone.ActiveCfg = Debug|Any CPU
		{05B0739E-0B34-4530-9627-E7FD922EB937}.Debug|iPhone.Build.0 = Debug|Any CPU
		{05B0739E-0B34-4530-9627-E7FD922EB937}.Debug|iPhoneSimulator.ActiveCfg = Debug|Any CPU
		{05B0739E-0B34-4530-9627-E7FD922EB937}.Debug|iPhoneSimulator.Build.0 = Debug|Any CPU
		{05B0739E-0B34-4530-9627-E7FD922EB937}.Release|Any CPU.ActiveCfg = Release|Any CPU
		{05B0739E-0B34-4530-9627-E7FD922EB937}.Release|Any CPU.Build.0 = Release|Any CPU
		{05B0739E-0B34-4530-9627-E7FD922EB937}.Release|iPhone.ActiveCfg = Release|Any CPU
		{05B0739E-0B34-4530-9627-E7FD922EB937}.Release|iPhone.Build.0 = Release|Any CPU
		{05B0739E-0B34-4530-9627-E7FD922EB937}.Release|iPhoneSimulator.ActiveCfg = Release|Any CPU
		{05B0739E-0B34-4530-9627-E7FD922EB937}.Release|iPhoneSimulator.Build.0 = Release|Any CPU
		{4EB3439C-8994-4C9E-81C2-352EE531B96D}.Ad-Hoc|Any CPU.ActiveCfg = Release|Any CPU
		{4EB3439C-8994-4C9E-81C2-352EE531B96D}.Ad-Hoc|Any CPU.Build.0 = Release|Any CPU
		{4EB3439C-8994-4C9E-81C2-352EE531B96D}.Ad-Hoc|iPhone.ActiveCfg = Release|Any CPU
		{4EB3439C-8994-4C9E-81C2-352EE531B96D}.Ad-Hoc|iPhone.Build.0 = Release|Any CPU
		{4EB3439C-8994-4C9E-81C2-352EE531B96D}.Ad-Hoc|iPhoneSimulator.ActiveCfg = Release|Any CPU
		{4EB3439C-8994-4C9E-81C2-352EE531B96D}.Ad-Hoc|iPhoneSimulator.Build.0 = Release|Any CPU
		{4EB3439C-8994-4C9E-81C2-352EE531B96D}.AppStore|Any CPU.ActiveCfg = Release|Any CPU
		{4EB3439C-8994-4C9E-81C2-352EE531B96D}.AppStore|Any CPU.Build.0 = Release|Any CPU
		{4EB3439C-8994-4C9E-81C2-352EE531B96D}.AppStore|iPhone.ActiveCfg = Release|Any CPU
		{4EB3439C-8994-4C9E-81C2-352EE531B96D}.AppStore|iPhone.Build.0 = Release|Any CPU
		{4EB3439C-8994-4C9E-81C2-352EE531B96D}.AppStore|iPhoneSimulator.ActiveCfg = Release|Any CPU
		{4EB3439C-8994-4C9E-81C2-352EE531B96D}.AppStore|iPhoneSimulator.Build.0 = Release|Any CPU
		{4EB3439C-8994-4C9E-81C2-352EE531B96D}.Debug|Any CPU.ActiveCfg = Debug|Any CPU
		{4EB3439C-8994-4C9E-81C2-352EE531B96D}.Debug|Any CPU.Build.0 = Debug|Any CPU
		{4EB3439C-8994-4C9E-81C2-352EE531B96D}.Debug|iPhone.ActiveCfg = Debug|Any CPU
		{4EB3439C-8994-4C9E-81C2-352EE531B96D}.Debug|iPhone.Build.0 = Debug|Any CPU
		{4EB3439C-8994-4C9E-81C2-352EE531B96D}.Debug|iPhoneSimulator.ActiveCfg = Debug|Any CPU
		{4EB3439C-8994-4C9E-81C2-352EE531B96D}.Debug|iPhoneSimulator.Build.0 = Debug|Any CPU
		{4EB3439C-8994-4C9E-81C2-352EE531B96D}.Release|Any CPU.ActiveCfg = Release|Any CPU
		{4EB3439C-8994-4C9E-81C2-352EE531B96D}.Release|Any CPU.Build.0 = Release|Any CPU
		{4EB3439C-8994-4C9E-81C2-352EE531B96D}.Release|iPhone.ActiveCfg = Release|Any CPU
		{4EB3439C-8994-4C9E-81C2-352EE531B96D}.Release|iPhone.Build.0 = Release|Any CPU
		{4EB3439C-8994-4C9E-81C2-352EE531B96D}.Release|iPhoneSimulator.ActiveCfg = Release|Any CPU
		{4EB3439C-8994-4C9E-81C2-352EE531B96D}.Release|iPhoneSimulator.Build.0 = Release|Any CPU
		{D940559F-1538-404D-8FE0-42D00C3AE62A}.Ad-Hoc|Any CPU.ActiveCfg = Release|Any CPU
		{D940559F-1538-404D-8FE0-42D00C3AE62A}.Ad-Hoc|Any CPU.Build.0 = Release|Any CPU
		{D940559F-1538-404D-8FE0-42D00C3AE62A}.Ad-Hoc|iPhone.ActiveCfg = Release|Any CPU
		{D940559F-1538-404D-8FE0-42D00C3AE62A}.Ad-Hoc|iPhone.Build.0 = Release|Any CPU
		{D940559F-1538-404D-8FE0-42D00C3AE62A}.Ad-Hoc|iPhoneSimulator.ActiveCfg = Release|Any CPU
		{D940559F-1538-404D-8FE0-42D00C3AE62A}.Ad-Hoc|iPhoneSimulator.Build.0 = Release|Any CPU
		{D940559F-1538-404D-8FE0-42D00C3AE62A}.AppStore|Any CPU.ActiveCfg = Release|Any CPU
		{D940559F-1538-404D-8FE0-42D00C3AE62A}.AppStore|Any CPU.Build.0 = Release|Any CPU
		{D940559F-1538-404D-8FE0-42D00C3AE62A}.AppStore|iPhone.ActiveCfg = Release|Any CPU
		{D940559F-1538-404D-8FE0-42D00C3AE62A}.AppStore|iPhone.Build.0 = Release|Any CPU
		{D940559F-1538-404D-8FE0-42D00C3AE62A}.AppStore|iPhoneSimulator.ActiveCfg = Release|Any CPU
		{D940559F-1538-404D-8FE0-42D00C3AE62A}.AppStore|iPhoneSimulator.Build.0 = Release|Any CPU
		{D940559F-1538-404D-8FE0-42D00C3AE62A}.Debug|Any CPU.ActiveCfg = Debug|Any CPU
		{D940559F-1538-404D-8FE0-42D00C3AE62A}.Debug|Any CPU.Build.0 = Debug|Any CPU
		{D940559F-1538-404D-8FE0-42D00C3AE62A}.Debug|iPhone.ActiveCfg = Debug|Any CPU
		{D940559F-1538-404D-8FE0-42D00C3AE62A}.Debug|iPhone.Build.0 = Debug|Any CPU
		{D940559F-1538-404D-8FE0-42D00C3AE62A}.Debug|iPhoneSimulator.ActiveCfg = Debug|Any CPU
		{D940559F-1538-404D-8FE0-42D00C3AE62A}.Debug|iPhoneSimulator.Build.0 = Debug|Any CPU
		{D940559F-1538-404D-8FE0-42D00C3AE62A}.Release|Any CPU.ActiveCfg = Release|Any CPU
		{D940559F-1538-404D-8FE0-42D00C3AE62A}.Release|Any CPU.Build.0 = Release|Any CPU
		{D940559F-1538-404D-8FE0-42D00C3AE62A}.Release|iPhone.ActiveCfg = Release|Any CPU
		{D940559F-1538-404D-8FE0-42D00C3AE62A}.Release|iPhone.Build.0 = Release|Any CPU
		{D940559F-1538-404D-8FE0-42D00C3AE62A}.Release|iPhoneSimulator.ActiveCfg = Release|Any CPU
		{D940559F-1538-404D-8FE0-42D00C3AE62A}.Release|iPhoneSimulator.Build.0 = Release|Any CPU
		{FAD9C343-B5A4-44EA-AE9C-7B35AC4B1259}.Ad-Hoc|Any CPU.ActiveCfg = Release|Any CPU
		{FAD9C343-B5A4-44EA-AE9C-7B35AC4B1259}.Ad-Hoc|Any CPU.Build.0 = Release|Any CPU
		{FAD9C343-B5A4-44EA-AE9C-7B35AC4B1259}.Ad-Hoc|iPhone.ActiveCfg = Release|Any CPU
		{FAD9C343-B5A4-44EA-AE9C-7B35AC4B1259}.Ad-Hoc|iPhone.Build.0 = Release|Any CPU
		{FAD9C343-B5A4-44EA-AE9C-7B35AC4B1259}.Ad-Hoc|iPhoneSimulator.ActiveCfg = Release|Any CPU
		{FAD9C343-B5A4-44EA-AE9C-7B35AC4B1259}.Ad-Hoc|iPhoneSimulator.Build.0 = Release|Any CPU
		{FAD9C343-B5A4-44EA-AE9C-7B35AC4B1259}.AppStore|Any CPU.ActiveCfg = Release|Any CPU
		{FAD9C343-B5A4-44EA-AE9C-7B35AC4B1259}.AppStore|Any CPU.Build.0 = Release|Any CPU
		{FAD9C343-B5A4-44EA-AE9C-7B35AC4B1259}.AppStore|iPhone.ActiveCfg = Release|Any CPU
		{FAD9C343-B5A4-44EA-AE9C-7B35AC4B1259}.AppStore|iPhone.Build.0 = Release|Any CPU
		{FAD9C343-B5A4-44EA-AE9C-7B35AC4B1259}.AppStore|iPhoneSimulator.ActiveCfg = Release|Any CPU
		{FAD9C343-B5A4-44EA-AE9C-7B35AC4B1259}.AppStore|iPhoneSimulator.Build.0 = Release|Any CPU
		{FAD9C343-B5A4-44EA-AE9C-7B35AC4B1259}.Debug|Any CPU.ActiveCfg = Debug|Any CPU
		{FAD9C343-B5A4-44EA-AE9C-7B35AC4B1259}.Debug|Any CPU.Build.0 = Debug|Any CPU
		{FAD9C343-B5A4-44EA-AE9C-7B35AC4B1259}.Debug|iPhone.ActiveCfg = Debug|Any CPU
		{FAD9C343-B5A4-44EA-AE9C-7B35AC4B1259}.Debug|iPhone.Build.0 = Debug|Any CPU
		{FAD9C343-B5A4-44EA-AE9C-7B35AC4B1259}.Debug|iPhoneSimulator.ActiveCfg = Debug|Any CPU
		{FAD9C343-B5A4-44EA-AE9C-7B35AC4B1259}.Debug|iPhoneSimulator.Build.0 = Debug|Any CPU
		{FAD9C343-B5A4-44EA-AE9C-7B35AC4B1259}.Release|Any CPU.ActiveCfg = Release|Any CPU
		{FAD9C343-B5A4-44EA-AE9C-7B35AC4B1259}.Release|Any CPU.Build.0 = Release|Any CPU
		{FAD9C343-B5A4-44EA-AE9C-7B35AC4B1259}.Release|iPhone.ActiveCfg = Release|Any CPU
		{FAD9C343-B5A4-44EA-AE9C-7B35AC4B1259}.Release|iPhone.Build.0 = Release|Any CPU
		{FAD9C343-B5A4-44EA-AE9C-7B35AC4B1259}.Release|iPhoneSimulator.ActiveCfg = Release|Any CPU
		{FAD9C343-B5A4-44EA-AE9C-7B35AC4B1259}.Release|iPhoneSimulator.Build.0 = Release|Any CPU
	EndGlobalSection
	GlobalSection(SolutionProperties) = preSolution
		HideSolutionNode = FALSE
	EndGlobalSection
EndGlobal
