
Microsoft Visual Studio Solution File, Format Version 12.00
# Visual Studio 14
VisualStudioVersion = 14.0.25420.1
MinimumVisualStudioVersion = 10.0.40219.1
Project("{FAE04EC0-301F-11D3-BF4B-00C04F79EFBC}") = "FSL.XamarinForms", "FSL.XamarinForms\FSL.XamarinForms.csproj", "{F5FC0528-4FE1-4C96-B753-CA8833BB4AB8}"
EndProject
Project("{FAE04EC0-301F-11D3-BF4B-00C04F79EFBC}") = "FSL.XamarinForms.Droid", "FSL.XamarinForms.Droid\FSL.XamarinForms.Droid.csproj", "{ED3732F8-FB05-4922-B970-26292C263593}"
EndProject
Project("{FAE04EC0-301F-11D3-BF4B-00C04F79EFBC}") = "FSL.XamarinForms.iOS", "FSL.XamarinForms.iOS\FSL.XamarinForms.iOS.csproj", "{B81B4EC9-A55B-4090-8028-0BF14340BFA8}"
EndProject
Global
	GlobalSection(SolutionConfigurationPlatforms) = preSolution
		Ad-Hoc|Any CPU = Ad-Hoc|Any CPU
		Ad-Hoc|iPhone = Ad-Hoc|iPhone
		Ad-Hoc|iPhoneSimulator = Ad-Hoc|iPhoneSimulator
		AppStore|Any CPU = AppStore|Any CPU
		AppStore|iPhone = AppStore|iPhone
		AppStore|iPhoneSimulator = AppStore|iPhoneSimulator
		Debug|Any CPU = Debug|Any CPU
		Debug|iPhone = Debug|iPhone
		Debug|iPhoneSimulator = Debug|iPhoneSimulator
		Release|Any CPU = Release|Any CPU
		Release|iPhone = Release|iPhone
		Release|iPhoneSimulator = Release|iPhoneSimulator
	EndGlobalSection
	GlobalSection(ProjectConfigurationPlatforms) = postSolution
		{F5FC0528-4FE1-4C96-B753-CA8833BB4AB8}.Ad-Hoc|Any CPU.ActiveCfg = Release|Any CPU
		{F5FC0528-4FE1-4C96-B753-CA8833BB4AB8}.Ad-Hoc|Any CPU.Build.0 = Release|Any CPU
		{F5FC0528-4FE1-4C96-B753-CA8833BB4AB8}.Ad-Hoc|iPhone.ActiveCfg = Release|Any CPU
		{F5FC0528-4FE1-4C96-B753-CA8833BB4AB8}.Ad-Hoc|iPhone.Build.0 = Release|Any CPU
		{F5FC0528-4FE1-4C96-B753-CA8833BB4AB8}.Ad-Hoc|iPhoneSimulator.ActiveCfg = Release|Any CPU
		{F5FC0528-4FE1-4C96-B753-CA8833BB4AB8}.Ad-Hoc|iPhoneSimulator.Build.0 = Release|Any CPU
		{F5FC0528-4FE1-4C96-B753-CA8833BB4AB8}.AppStore|Any CPU.ActiveCfg = Release|Any CPU
		{F5FC0528-4FE1-4C96-B753-CA8833BB4AB8}.AppStore|Any CPU.Build.0 = Release|Any CPU
		{F5FC0528-4FE1-4C96-B753-CA8833BB4AB8}.AppStore|iPhone.ActiveCfg = Release|Any CPU
		{F5FC0528-4FE1-4C96-B753-CA8833BB4AB8}.AppStore|iPhone.Build.0 = Release|Any CPU
		{F5FC0528-4FE1-4C96-B753-CA8833BB4AB8}.AppStore|iPhoneSimulator.ActiveCfg = Release|Any CPU
		{F5FC0528-4FE1-4C96-B753-CA8833BB4AB8}.AppStore|iPhoneSimulator.Build.0 = Release|Any CPU
		{F5FC0528-4FE1-4C96-B753-CA8833BB4AB8}.Debug|Any CPU.ActiveCfg = Debug|Any CPU
		{F5FC0528-4FE1-4C96-B753-CA8833BB4AB8}.Debug|Any CPU.Build.0 = Debug|Any CPU
		{F5FC0528-4FE1-4C96-B753-CA8833BB4AB8}.Debug|iPhone.ActiveCfg = Debug|Any CPU
		{F5FC0528-4FE1-4C96-B753-CA8833BB4AB8}.Debug|iPhone.Build.0 = Debug|Any CPU
		{F5FC0528-4FE1-4C96-B753-CA8833BB4AB8}.Debug|iPhoneSimulator.ActiveCfg = Debug|Any CPU
		{F5FC0528-4FE1-4C96-B753-CA8833BB4AB8}.Debug|iPhoneSimulator.Build.0 = Debug|Any CPU
		{F5FC0528-4FE1-4C96-B753-CA8833BB4AB8}.Release|Any CPU.ActiveCfg = Release|Any CPU
		{F5FC0528-4FE1-4C96-B753-CA8833BB4AB8}.Release|Any CPU.Build.0 = Release|Any CPU
		{F5FC0528-4FE1-4C96-B753-CA8833BB4AB8}.Release|iPhone.ActiveCfg = Release|Any CPU
		{F5FC0528-4FE1-4C96-B753-CA8833BB4AB8}.Release|iPhone.Build.0 = Release|Any CPU
		{F5FC0528-4FE1-4C96-B753-CA8833BB4AB8}.Release|iPhoneSimulator.ActiveCfg = Release|Any CPU
		{F5FC0528-4FE1-4C96-B753-CA8833BB4AB8}.Release|iPhoneSimulator.Build.0 = Release|Any CPU
		{ED3732F8-FB05-4922-B970-26292C263593}.Ad-Hoc|Any CPU.ActiveCfg = Release|Any CPU
		{ED3732F8-FB05-4922-B970-26292C263593}.Ad-Hoc|Any CPU.Build.0 = Release|Any CPU
		{ED3732F8-FB05-4922-B970-26292C263593}.Ad-Hoc|Any CPU.Deploy.0 = Release|Any CPU
		{ED3732F8-FB05-4922-B970-26292C263593}.Ad-Hoc|iPhone.ActiveCfg = Release|Any CPU
		{ED3732F8-FB05-4922-B970-26292C263593}.Ad-Hoc|iPhone.Build.0 = Release|Any CPU
		{ED3732F8-FB05-4922-B970-26292C263593}.Ad-Hoc|iPhone.Deploy.0 = Release|Any CPU
		{ED3732F8-FB05-4922-B970-26292C263593}.Ad-Hoc|iPhoneSimulator.ActiveCfg = Release|Any CPU
		{ED3732F8-FB05-4922-B970-26292C263593}.Ad-Hoc|iPhoneSimulator.Build.0 = Release|Any CPU
		{ED3732F8-FB05-4922-B970-26292C263593}.Ad-Hoc|iPhoneSimulator.Deploy.0 = Release|Any CPU
		{ED3732F8-FB05-4922-B970-26292C263593}.AppStore|Any CPU.ActiveCfg = Release|Any CPU
		{ED3732F8-FB05-4922-B970-26292C263593}.AppStore|Any CPU.Build.0 = Release|Any CPU
		{ED3732F8-FB05-4922-B970-26292C263593}.AppStore|Any CPU.Deploy.0 = Release|Any CPU
		{ED3732F8-FB05-4922-B970-26292C263593}.AppStore|iPhone.ActiveCfg = Release|Any CPU
		{ED3732F8-FB05-4922-B970-26292C263593}.AppStore|iPhone.Build.0 = Release|Any CPU
		{ED3732F8-FB05-4922-B970-26292C263593}.AppStore|iPhone.Deploy.0 = Release|Any CPU
		{ED3732F8-FB05-4922-B970-26292C263593}.AppStore|iPhoneSimulator.ActiveCfg = Release|Any CPU
		{ED3732F8-FB05-4922-B970-26292C263593}.AppStore|iPhoneSimulator.Build.0 = Release|Any CPU
		{ED3732F8-FB05-4922-B970-26292C263593}.AppStore|iPhoneSimulator.Deploy.0 = Release|Any CPU
		{ED3732F8-FB05-4922-B970-26292C263593}.Debug|Any CPU.ActiveCfg = Debug|Any CPU
		{ED3732F8-FB05-4922-B970-26292C263593}.Debug|Any CPU.Build.0 = Debug|Any CPU
		{ED3732F8-FB05-4922-B970-26292C263593}.Debug|Any CPU.Deploy.0 = Debug|Any CPU
		{ED3732F8-FB05-4922-B970-26292C263593}.Debug|iPhone.ActiveCfg = Debug|Any CPU
		{ED3732F8-FB05-4922-B970-26292C263593}.Debug|iPhone.Build.0 = Debug|Any CPU
		{ED3732F8-FB05-4922-B970-26292C263593}.Debug|iPhone.Deploy.0 = Debug|Any CPU
		{ED3732F8-FB05-4922-B970-26292C263593}.Debug|iPhoneSimulator.ActiveCfg = Debug|Any CPU
		{ED3732F8-FB05-4922-B970-26292C263593}.Debug|iPhoneSimulator.Build.0 = Debug|Any CPU
		{ED3732F8-FB05-4922-B970-26292C263593}.Debug|iPhoneSimulator.Deploy.0 = Debug|Any CPU
		{ED3732F8-FB05-4922-B970-26292C263593}.Release|Any CPU.ActiveCfg = Release|Any CPU
		{ED3732F8-FB05-4922-B970-26292C263593}.Release|Any CPU.Build.0 = Release|Any CPU
		{ED3732F8-FB05-4922-B970-26292C263593}.Release|Any CPU.Deploy.0 = Release|Any CPU
		{ED3732F8-FB05-4922-B970-26292C263593}.Release|iPhone.ActiveCfg = Release|Any CPU
		{ED3732F8-FB05-4922-B970-26292C263593}.Release|iPhone.Build.0 = Release|Any CPU
		{ED3732F8-FB05-4922-B970-26292C263593}.Release|iPhone.Deploy.0 = Release|Any CPU
		{ED3732F8-FB05-4922-B970-26292C263593}.Release|iPhoneSimulator.ActiveCfg = Release|Any CPU
		{ED3732F8-FB05-4922-B970-26292C263593}.Release|iPhoneSimulator.Build.0 = Release|Any CPU
		{ED3732F8-FB05-4922-B970-26292C263593}.Release|iPhoneSimulator.Deploy.0 = Release|Any CPU
		{B81B4EC9-A55B-4090-8028-0BF14340BFA8}.Ad-Hoc|Any CPU.ActiveCfg = Ad-Hoc|iPhone
		{B81B4EC9-A55B-4090-8028-0BF14340BFA8}.Ad-Hoc|iPhone.ActiveCfg = Ad-Hoc|iPhone
		{B81B4EC9-A55B-4090-8028-0BF14340BFA8}.Ad-Hoc|iPhone.Build.0 = Ad-Hoc|iPhone
		{B81B4EC9-A55B-4090-8028-0BF14340BFA8}.Ad-Hoc|iPhoneSimulator.ActiveCfg = Ad-Hoc|iPhoneSimulator
		{B81B4EC9-A55B-4090-8028-0BF14340BFA8}.Ad-Hoc|iPhoneSimulator.Build.0 = Ad-Hoc|iPhoneSimulator
		{B81B4EC9-A55B-4090-8028-0BF14340BFA8}.AppStore|Any CPU.ActiveCfg = AppStore|iPhone
		{B81B4EC9-A55B-4090-8028-0BF14340BFA8}.AppStore|iPhone.ActiveCfg = AppStore|iPhone
		{B81B4EC9-A55B-4090-8028-0BF14340BFA8}.AppStore|iPhone.Build.0 = AppStore|iPhone
		{B81B4EC9-A55B-4090-8028-0BF14340BFA8}.AppStore|iPhoneSimulator.ActiveCfg = AppStore|iPhoneSimulator
		{B81B4EC9-A55B-4090-8028-0BF14340BFA8}.AppStore|iPhoneSimulator.Build.0 = AppStore|iPhoneSimulator
		{B81B4EC9-A55B-4090-8028-0BF14340BFA8}.Debug|Any CPU.ActiveCfg = Debug|iPhoneSimulator
		{B81B4EC9-A55B-4090-8028-0BF14340BFA8}.Debug|Any CPU.Build.0 = Debug|iPhoneSimulator
		{B81B4EC9-A55B-4090-8028-0BF14340BFA8}.Debug|iPhone.ActiveCfg = Debug|iPhone
		{B81B4EC9-A55B-4090-8028-0BF14340BFA8}.Debug|iPhone.Build.0 = Debug|iPhone
		{B81B4EC9-A55B-4090-8028-0BF14340BFA8}.Debug|iPhoneSimulator.ActiveCfg = Debug|iPhoneSimulator
		{B81B4EC9-A55B-4090-8028-0BF14340BFA8}.Debug|iPhoneSimulator.Build.0 = Debug|iPhoneSimulator
		{B81B4EC9-A55B-4090-8028-0BF14340BFA8}.Debug|iPhoneSimulator.Deploy.0 = Debug|iPhoneSimulator
		{B81B4EC9-A55B-4090-8028-0BF14340BFA8}.Release|Any CPU.ActiveCfg = Release|iPhone
		{B81B4EC9-A55B-4090-8028-0BF14340BFA8}.Release|iPhone.ActiveCfg = Release|iPhone
		{B81B4EC9-A55B-4090-8028-0BF14340BFA8}.Release|iPhone.Build.0 = Release|iPhone
		{B81B4EC9-A55B-4090-8028-0BF14340BFA8}.Release|iPhoneSimulator.ActiveCfg = Release|iPhoneSimulator
		{B81B4EC9-A55B-4090-8028-0BF14340BFA8}.Release|iPhoneSimulator.Build.0 = Release|iPhoneSimulator
	EndGlobalSection
	GlobalSection(SolutionProperties) = preSolution
		HideSolutionNode = FALSE
	EndGlobalSection
EndGlobal
